
Microsoft Visual Studio Solution File, Format Version 12.00
# Visual Studio Version 17
VisualStudioVersion = 17.5.33424.131
MinimumVisualStudioVersion = 10.0.40219.1
Project("{FAE04EC0-301F-11D3-BF4B-00C04F79EFBC}") = "Examen1", "Examen1\Examen1.csproj", "{4C6C01B1-AB52-4D92-B95B-81CA95616E88}"
EndProject
Global
	GlobalSection(SolutionConfigurationPlatforms) = preSolution
		Debug|Any CPU = Debug|Any CPU
		Release|Any CPU = Release|Any CPU
	EndGlobalSection
	GlobalSection(ProjectConfigurationPlatforms) = postSolution
		{4C6C01B1-AB52-4D92-B95B-81CA95616E88}.Debug|Any CPU.ActiveCfg = Debug|Any CPU
		{4C6C01B1-AB52-4D92-B95B-81CA95616E88}.Debug|Any CPU.Build.0 = Debug|Any CPU
		{4C6C01B1-AB52-4D92-B95B-81CA95616E88}.Release|Any CPU.ActiveCfg = Release|Any CPU
		{4C6C01B1-AB52-4D92-B95B-81CA95616E88}.Release|Any CPU.Build.0 = Release|Any CPU
	EndGlobalSection
	GlobalSection(SolutionProperties) = preSolution
		HideSolutionNode = FALSE
	EndGlobalSection
	GlobalSection(ExtensibilityGlobals) = postSolution
		SolutionGuid = {591E035F-F553-4356-9864-C91974659701}
	EndGlobalSection
EndGlobal
